
Microsoft Visual Studio Solution File, Format Version 12.00
# Visual Studio Version 16
VisualStudioVersion = 16.0.31321.278
MinimumVisualStudioVersion = 10.0.40219.1
Project("{FAE04EC0-301F-11D3-BF4B-00C04F79EFBC}") = "Infrastructure", "src\Infrastructure\Infrastructure.csproj", "{664C5EE3-7121-4FA6-B09D-56AB03B9A280}"
EndProject
Global
	GlobalSection(SolutionConfigurationPlatforms) = preSolution
		Debug|Any CPU = Debug|Any CPU
		Release|Any CPU = Release|Any CPU
	EndGlobalSection
	GlobalSection(ProjectConfigurationPlatforms) = postSolution
		{664C5EE3-7121-4FA6-B09D-56AB03B9A280}.Debug|Any CPU.ActiveCfg = Debug|Any CPU
		{664C5EE3-7121-4FA6-B09D-56AB03B9A280}.Debug|Any CPU.Build.0 = Debug|Any CPU
		{664C5EE3-7121-4FA6-B09D-56AB03B9A280}.Release|Any CPU.ActiveCfg = Release|Any CPU
		{664C5EE3-7121-4FA6-B09D-56AB03B9A280}.Release|Any CPU.Build.0 = Release|Any CPU
	EndGlobalSection
	GlobalSection(SolutionProperties) = preSolution
		HideSolutionNode = FALSE
	EndGlobalSection
	GlobalSection(ExtensibilityGlobals) = postSolution
		SolutionGuid = {F55DAED4-C2E7-417D-B673-DF09B105FC2D}
	EndGlobalSection
EndGlobal
